
Microsoft Visual Studio Solution File, Format Version 12.00
# Visual Studio Version 17
VisualStudioVersion = 17.0.32126.317
MinimumVisualStudioVersion = 10.0.40219.1
Project("{FAE04EC0-301F-11D3-BF4B-00C04F79EFBC}") = "csharp", "csharp\csharp.csproj", "{CC4CE0F8-03BA-4C68-A94E-051C12F8CD27}"
EndProject
Global
	GlobalSection(SolutionConfigurationPlatforms) = preSolution
		Debug|Any CPU = Debug|Any CPU
		Release|Any CPU = Release|Any CPU
	EndGlobalSection
	GlobalSection(ProjectConfigurationPlatforms) = postSolution
		{CC4CE0F8-03BA-4C68-A94E-051C12F8CD27}.Debug|Any CPU.ActiveCfg = Debug|Any CPU
		{CC4CE0F8-03BA-4C68-A94E-051C12F8CD27}.Debug|Any CPU.Build.0 = Debug|Any CPU
		{CC4CE0F8-03BA-4C68-A94E-051C12F8CD27}.Release|Any CPU.ActiveCfg = Release|Any CPU
		{CC4CE0F8-03BA-4C68-A94E-051C12F8CD27}.Release|Any CPU.Build.0 = Release|Any CPU
	EndGlobalSection
	GlobalSection(SolutionProperties) = preSolution
		HideSolutionNode = FALSE
	EndGlobalSection
	GlobalSection(ExtensibilityGlobals) = postSolution
		SolutionGuid = {27BE1755-5F91-4360-91BA-9A5112C7186C}
	EndGlobalSection
EndGlobal
